lockfileVersion: '6.0'

settings:
  autoInstallPeers: true
  excludeLinksFromLockfile: false

devDependencies:
  '@types/node':
    specifier: ^22.0.0
    version: 22.13.7
  lucide-static:
    specifier: ^0.473.0
    version: 0.473.0
  next-auth:
    specifier: github:nextauthjs/next-auth
    version: github.com/nextauthjs/next-auth/e9a3e8ea527eb93621f75edbc650e1e31411346d
  prettier:
    specifier: ^3.2.5
    version: 3.5.1
  prettier-plugin-tailwindcss:
    specifier: ^0.6.0
    version: 0.6.11(prettier@3.5.1)
  tailwindcss:
    specifier: ^4.0.0
    version: 4.0.9
  tailwindcss-animate:
    specifier: ^1.0.7
    version: 1.0.7(tailwindcss@4.0.9)

packages:

  /@types/node@22.13.7:
    resolution: {integrity: sha512-oU2q+BsQldB9lYxHNp/5aZO+/Bs0Usa74Abo9mAKulz4ahQyXRHK6UVKYIN8KSC8HXwhWSi7b49JnX+txuac0w==}
    dependencies:
      undici-types: 6.20.0
    dev: true

  /lucide-static@0.473.0:
    resolution: {integrity: sha512-fHDRD9De8oyAVXkcmHTtC4ENT6jGxcyey7y/wBLkKlLvU/+zhR2VnAcwA2Hvsa9TJIEizc06jdC7PWoboc6Mkg==}
    dev: true

  /prettier-plugin-tailwindcss@0.6.11(prettier@3.5.1):
    resolution: {integrity: sha512-YxaYSIvZPAqhrrEpRtonnrXdghZg1irNg4qrjboCXrpybLWVs55cW2N3juhspVJiO0JBvYJT8SYsJpc8OQSnsA==}
    engines: {node: '>=14.21.3'}
    peerDependencies:
      '@ianvs/prettier-plugin-sort-imports': '*'
      '@prettier/plugin-pug': '*'
      '@shopify/prettier-plugin-liquid': '*'
      '@trivago/prettier-plugin-sort-imports': '*'
      '@zackad/prettier-plugin-twig': '*'
      prettier: ^3.0
      prettier-plugin-astro: '*'
      prettier-plugin-css-order: '*'
      prettier-plugin-import-sort: '*'
      prettier-plugin-jsdoc: '*'
      prettier-plugin-marko: '*'
      prettier-plugin-multiline-arrays: '*'
      prettier-plugin-organize-attributes: '*'
      prettier-plugin-organize-imports: '*'
      prettier-plugin-sort-imports: '*'
      prettier-plugin-style-order: '*'
      prettier-plugin-svelte: '*'
    peerDependenciesMeta:
      '@ianvs/prettier-plugin-sort-imports':
        optional: true
      '@prettier/plugin-pug':
        optional: true
      '@shopify/prettier-plugin-liquid':
        optional: true
      '@trivago/prettier-plugin-sort-imports':
        optional: true
      '@zackad/prettier-plugin-twig':
        optional: true
      prettier-plugin-astro:
        optional: true
      prettier-plugin-css-order:
        optional: true
      prettier-plugin-import-sort:
        optional: true
      prettier-plugin-jsdoc:
        optional: true
      prettier-plugin-marko:
        optional: true
      prettier-plugin-multiline-arrays:
        optional: true
      prettier-plugin-organize-attributes:
        optional: true
      prettier-plugin-organize-imports:
        optional: true
      prettier-plugin-sort-imports:
        optional: true
      prettier-plugin-style-order:
        optional: true
      prettier-plugin-svelte:
        optional: true
    dependencies:
      prettier: 3.5.1
    dev: true

  /prettier@3.5.1:
    resolution: {integrity: sha512-hPpFQvHwL3Qv5AdRvBFMhnKo4tYxp0ReXiPn2bxkiohEX6mBeBwEpBSQTkD458RaaDKQMYSp4hX4UtfUTA5wDw==}
    engines: {node: '>=14'}
    hasBin: true
    dev: true

  /tailwindcss-animate@1.0.7(tailwindcss@4.0.9):
    resolution: {integrity: sha512-bl6mpH3T7I3UFxuvDEXLxy/VuFxBk5bbzplh7tXI68mwMokNYd1t9qPBHlnyTwfa4JGC4zP516I1hYYtQ/vspA==}
    peerDependencies:
      tailwindcss: '>=3.0.0 || insiders'
    dependencies:
      tailwindcss: 4.0.9
    dev: true

  /tailwindcss@4.0.9:
    resolution: {integrity: sha512-12laZu+fv1ONDRoNR9ipTOpUD7RN9essRVkX36sjxuRUInpN7hIiHN4lBd/SIFjbISvnXzp8h/hXzmU8SQQYhw==}
    dev: true

  /undici-types@6.20.0:
    resolution: {integrity: sha512-Ny6QZ2Nju20vw1SRHe3d9jVu6gJ+4e3+MMpqu7pqE5HT6WsTSlce++GQmK5UXS8mzV8DSYHrQH+Xrf2jVcuKNg==}
    dev: true

  github.com/nextauthjs/next-auth/e9a3e8ea527eb93621f75edbc650e1e31411346d:
    resolution: {tarball: https://codeload.github.com/nextauthjs/next-auth/tar.gz/e9a3e8ea527eb93621f75edbc650e1e31411346d}
    name: root
    version: 0.0.0
    engines: {node: ^18.18.0 || ^20.8.0}
    dev: true
